
Microsoft Visual Studio Solution File, Format Version 12.00
# Visual Studio Version 17
VisualStudioVersion = 17.0.31903.59
MinimumVisualStudioVersion = 10.0.40219.1
Project("{FAE04EC0-301F-11D3-BF4B-00C04F79EFBC}") = "myapp1", "myapp1\myapp1.csproj", "{9FFE406F-E3EB-48A2-BD47-AC80558DCA74}"
EndProject
Global
	GlobalSection(SolutionConfigurationPlatforms) = preSolution
		Debug|Any CPU = Debug|Any CPU
		Release|Any CPU = Release|Any CPU
	EndGlobalSection
	GlobalSection(SolutionProperties) = preSolution
		HideSolutionNode = FALSE
	EndGlobalSection
	GlobalSection(ProjectConfigurationPlatforms) = postSolution
		{9FFE406F-E3EB-48A2-BD47-AC80558DCA74}.Debug|Any CPU.ActiveCfg = Debug|Any CPU
		{9FFE406F-E3EB-48A2-BD47-AC80558DCA74}.Debug|Any CPU.Build.0 = Debug|Any CPU
		{9FFE406F-E3EB-48A2-BD47-AC80558DCA74}.Release|Any CPU.ActiveCfg = Release|Any CPU
		{9FFE406F-E3EB-48A2-BD47-AC80558DCA74}.Release|Any CPU.Build.0 = Release|Any CPU
	EndGlobalSection
EndGlobal
